// !$*UTF8*$!
{
	archiveVersion = 1;
	classes = {
	};
	objectVersion = 46;
	objects = {

/* Begin PBXBuildFile section */
		222DF2C21DDD46E8008BB516 /* AppDelegate.swift in Sources */ = {isa = PBXBuildFile; fileRef = 222DF2C11DDD46E8008BB516 /* AppDelegate.swift */; };
		222DF2C41DDD46E8008BB516 /* ViewController.swift in Sources */ = {isa = PBXBuildFile; fileRef = 222DF2C31DDD46E8008BB516 /* ViewController.swift */; };
		222DF2C71DDD46E8008BB516 /* Main.storyboard in Resources */ = {isa = PBXBuildFile; fileRef = 222DF2C51DDD46E8008BB516 /* Main.storyboard */; };
		222DF2C91DDD46E8008BB516 /* Assets.xcassets in Resources */ = {isa = PBXBuildFile; fileRef = 222DF2C81DDD46E8008BB516 /* Assets.xcassets */; };
		222DF2CC1DDD46E8008BB516 /* LaunchScreen.storyboard in Resources */ = {isa = PBXBuildFile; fileRef = 222DF2CA1DDD46E8008BB516 /* LaunchScreen.storyboard */; };
		222DF2D71DDD46E8008BB516 /* Indie_FeedTests.swift in Sources */ = {isa = PBXBuildFile; fileRef = 222DF2D61DDD46E8008BB516 /* Indie_FeedTests.swift */; };
/* End PBXBuildFile section */

/* Begin PBXContainerItemProxy section */
		222DF2D31DDD46E8008BB516 /* PBXContainerItemProxy */ = {
			isa = PBXContainerItemProxy;
			containerPortal = 222DF2B61DDD46E8008BB516 /* Project object */;
			proxyType = 1;
			remoteGlobalIDString = 222DF2BD1DDD46E8008BB516;
			remoteInfo = "Indie Feed";
		};
/* End PBXContainerItemProxy section */

/* Begin PBXFileReference section */
		222DF2BE1DDD46E8008BB516 /* Indie Feed.app */ = {isa = PBXFileReference; explicitFileType = wrapper.application; includeInIndex = 0; path = "Indie Feed.app"; sourceTree = BUILT_PRODUCTS_DIR; };
		222DF2C11DDD46E8008BB516 /* AppDelegate.swift */ = {isa = PBXFileReference; lastKnownFileType = sourcecode.swift; path = AppDelegate.swift; sourceTree = "<group>"; };
		222DF2C31DDD46E8008BB516 /* ViewController.swift */ = {isa = PBXFileReference; lastKnownFileType = sourcecode.swift; path = ViewController.swift; sourceTree = "<group>"; };
		222DF2C61DDD46E8008BB516 /* Base */ = {isa = PBXFileReference; lastKnownFileType = file.storyboard; name = Base; path = Base.lproj/Main.storyboard; sourceTree = "<group>"; };
		222DF2C81DDD46E8008BB516 /* Assets.xcassets */ = {isa = PBXFileReference; lastKnownFileType = folder.assetcatalog; path = Assets.xcassets; sourceTree = "<group>"; };
		222DF2CB1DDD46E8008BB516 /* Base */ = {isa = PBXFileReference; lastKnownFileType = file.storyboard; name = Base; path = Base.lproj/LaunchScreen.storyboard; sourceTree = "<group>"; };
		222DF2CD1DDD46E8008BB516 /* Info.plist */ = {isa = PBXFileReference; lastKnownFileType = text.plist.xml; path = Info.plist; sourceTree = "<group>"; };
		222DF2D21DDD46E8008BB516 /* Indie FeedTests.xctest */ = {isa = PBXFileReference; explicitFileType = wrapper.cfbundle; includeInIndex = 0; path = "Indie FeedTests.xctest"; sourceTree = BUILT_PRODUCTS_DIR; };
		222DF2D61DDD46E8008BB516 /* Indie_FeedTests.swift */ = {isa = PBXFileReference; lastKnownFileType = sourcecode.swift; path = Indie_FeedTests.swift; sourceTree = "<group>"; };
		222DF2D81DDD46E8008BB516 /* Info.plist */ = {isa = PBXFileReference; lastKnownFileType = text.plist.xml; path = Info.plist; sourceTree = "<group>"; };
/* End PBXFileReference section */

/* Begin PBXFrameworksBuildPhase section */
		222DF2BB1DDD46E8008BB516 /* Frameworks */ = {
			isa = PBXFrameworksBuildPhase;
			buildActionMask = 2147483647;
			files = (
			);
			runOnlyForDeploymentPostprocessing = 0;
		};
		222DF2CF1DDD46E8008BB516 /* Frameworks */ = {
			isa = PBXFrameworksBuildPhase;
			buildActionMask = 2147483647;
			files = (
			);
			runOnlyForDeploymentPostprocessing = 0;
		};
/* End PBXFrameworksBuildPhase section */

/* Begin PBXGroup section */
		222DF2B51DDD46E8008BB516 = {
			isa = PBXGroup;
			children = (
				222DF2C01DDD46E8008BB516 /* Indie Feed */,
				222DF2D51DDD46E8008BB516 /* Indie FeedTests */,
				222DF2BF1DDD46E8008BB516 /* Products */,
			);
			sourceTree = "<group>";
		};
		222DF2BF1DDD46E8008BB516 /* Products */ = {
			isa = PBXGroup;
			children = (
				222DF2BE1DDD46E8008BB516 /* Indie Feed.app */,
				222DF2D21DDD46E8008BB516 /* Indie FeedTests.xctest */,
			);
			name = Products;
			sourceTree = "<group>";
		};
		222DF2C01DDD46E8008BB516 /* Indie Feed */ = {
			isa = PBXGroup;
			children = (
				222DF2C11DDD46E8008BB516 /* AppDelegate.swift */,
				222DF2C31DDD46E8008BB516 /* ViewController.swift */,
				222DF2C51DDD46E8008BB516 /* Main.storyboard */,
				222DF2C81DDD46E8008BB516 /* Assets.xcassets */,
				222DF2CA1DDD46E8008BB516 /* LaunchScreen.storyboard */,
				222DF2CD1DDD46E8008BB516 /* Info.plist */,
			);
			path = "Indie Feed";
			sourceTree = "<group>";
		};
		222DF2D51DDD46E8008BB516 /* Indie FeedTests */ = {
			isa = PBXGroup;
			children = (
				222DF2D61DDD46E8008BB516 /* Indie_FeedTests.swift */,
				222DF2D81DDD46E8008BB516 /* Info.plist */,
			);
			path = "Indie FeedTests";
			sourceTree = "<group>";
		};
/* End PBXGroup section */

/* Begin PBXNativeTarget section */
		222DF2BD1DDD46E8008BB516 /* Indie Feed */ = {
			isa = PBXNativeTarget;
			buildConfigurationList = 222DF2DB1DDD46E8008BB516 /* Build configuration list for PBXNativeTarget "Indie Feed" */;
			buildPhases = (
				222DF2BA1DDD46E8008BB516 /* Sources */,
				222DF2BB1DDD46E8008BB516 /* Frameworks */,
				222DF2BC1DDD46E8008BB516 /* Resources */,
			);
			buildRules = (
			);
			dependencies = (
			);
			name = "Indie Feed";
			productName = "Indie Feed";
			productReference = 222DF2BE1DDD46E8008BB516 /* Indie Feed.app */;
			productType = "com.apple.product-type.application";
		};
		222DF2D11DDD46E8008BB516 /* Indie FeedTests */ = {
			isa = PBXNativeTarget;
			buildConfigurationList = 222DF2DE1DDD46E8008BB516 /* Build configuration list for PBXNativeTarget "Indie FeedTests" */;
			buildPhases = (
				222DF2CE1DDD46E8008BB516 /* Sources */,
				222DF2CF1DDD46E8008BB516 /* Frameworks */,
				222DF2D01DDD46E8008BB516 /* Resources */,
			);
			buildRules = (
			);
			dependencies = (
				222DF2D41DDD46E8008BB516 /* PBXTargetDependency */,
			);
			name = "Indie FeedTests";
			productName = "Indie FeedTests";
			productReference = 222DF2D21DDD46E8008BB516 /* Indie FeedTests.xctest */;
			productType = "com.apple.product-type.bundle.unit-test";
		};
/* End PBXNativeTarget section */

/* Begin PBXProject section */
		222DF2B61DDD46E8008BB516 /* Project object */ = {
			isa = PBXProject;
			attributes = {
				LastSwiftUpdateCheck = 0810;
				LastUpgradeCheck = 0810;
				ORGANIZATIONNAME = "Sam Galizia";
				TargetAttributes = {
					222DF2BD1DDD46E8008BB516 = {
						CreatedOnToolsVersion = 8.1;
						DevelopmentTeam = 5J68VQM656;
						ProvisioningStyle = Automatic;
					};
					222DF2D11DDD46E8008BB516 = {
						CreatedOnToolsVersion = 8.1;
						DevelopmentTeam = 5J68VQM656;
						ProvisioningStyle = Automatic;
						TestTargetID = 222DF2BD1DDD46E8008BB516;
					};
				};
			};
			buildConfigurationList = 222DF2B91DDD46E8008BB516 /* Build configuration list for PBXProject "Indie Feed" */;
			compatibilityVersion = "Xcode 3.2";
			developmentRegion = English;
			hasScannedForEncodings = 0;
			knownRegions = (
				en,
				Base,
			);
			mainGroup = 222DF2B51DDD46E8008BB516;
			productRefGroup = 222DF2BF1DDD46E8008BB516 /* Products */;
			projectDirPath = "";
			projectRoot = "";
			targets = (
				222DF2BD1DDD46E8008BB516 /* Indie Feed */,
				222DF2D11DDD46E8008BB516 /* Indie FeedTests */,
			);
		};
/* End PBXProject section */

/* Begin PBXResourcesBuildPhase section */
		222DF2BC1DDD46E8008BB516 /* Resources */ = {
			isa = PBXResourcesBuildPhase;
			buildActionMask = 2147483647;
			files = (
				222DF2CC1DDD46E8008BB516 /* LaunchScreen.storyboard in Resources */,
				222DF2C91DDD46E8008BB516 /* Assets.xcassets in Resources */,
				222DF2C71DDD46E8008BB516 /* Main.storyboard in Resources */,
			);
			runOnlyForDeploymentPostprocessing = 0;
		};
		222DF2D01DDD46E8008BB516 /* Resources */ = {
			isa = PBXResourcesBuildPhase;
			buildActionMask = 2147483647;
			files = (
			);
			runOnlyForDeploymentPostprocessing = 0;
		};
/* End PBXResourcesBuildPhase section */

/* Begin PBXSourcesBuildPhase section */
		222DF2BA1DDD46E8008BB516 /* Sources */ = {
			isa = PBXSourcesBuildPhase;
			buildActionMask = 2147483647;
			files = (
				222DF2C41DDD46E8008BB516 /* ViewController.swift in Sources */,
				222DF2C21DDD46E8008BB516 /* AppDelegate.swift in Sources */,
			);
			runOnlyForDeploymentPostprocessing = 0;
		};
		222DF2CE1DDD46E8008BB516 /* Sources */ = {
			isa = PBXSourcesBuildPhase;
			buildActionMask = 2147483647;
			files = (
				222DF2D71DDD46E8008BB516 /* Indie_FeedTests.swift in Sources */,
			);
			runOnlyForDeploymentPostprocessing = 0;
		};
/* End PBXSourcesBuildPhase section */

/* Begin PBXTargetDependency section */
		222DF2D41DDD46E8008BB516 /* PBXTargetDependency */ = {
			isa = PBXTargetDependency;
			target = 222DF2BD1DDD46E8008BB516 /* Indie Feed */;
			targetProxy = 222DF2D31DDD46E8008BB516 /* PBXContainerItemProxy */;
		};
/* End PBXTargetDependency section */

/* Begin PBXVariantGroup section */
		222DF2C51DDD46E8008BB516 /* Main.storyboard */ = {
			isa = PBXVariantGroup;
			children = (
				222DF2C61DDD46E8008BB516 /* Base */,
			);
			name = Main.storyboard;
			sourceTree = "<group>";
		};
		222DF2CA1DDD46E8008BB516 /* LaunchScreen.storyboard */ = {
			isa = PBXVariantGroup;
			children = (
				222DF2CB1DDD46E8008BB516 /* Base */,
			);
			name = LaunchScreen.storyboard;
			sourceTree = "<group>";
		};
/* End PBXVariantGroup section */

/* Begin XCBuildConfiguration section */
		222DF2D91DDD46E8008BB516 /* Debug */ = {
			isa = XCBuildConfiguration;
			buildSettings = {
				ALWAYS_SEARCH_USER_PATHS = NO;
				CLANG_ANALYZER_NONNULL = YES;
				CLANG_CXX_LANGUAGE_STANDARD = "gnu++0x";
				CLANG_CXX_LIBRARY = "libc++";
				CLANG_ENABLE_MODULES = YES;
				CLANG_ENABLE_OBJC_ARC = YES;
				CLANG_WARN_BOOL_CONVERSION = YES;
				CLANG_WARN_CONSTANT_CONVERSION = YES;
				CLANG_WARN_DIRECT_OBJC_ISA_USAGE = YES_ERROR;
				CLANG_WARN_DOCUMENTATION_COMMENTS = YES;
				CLANG_WARN_EMPTY_BODY = YES;
				CLANG_WARN_ENUM_CONVERSION = YES;
				CLANG_WARN_INFINITE_RECURSION = YES;
				CLANG_WARN_INT_CONVERSION = YES;
				CLANG_WARN_OBJC_ROOT_CLASS = YES_ERROR;
				CLANG_WARN_SUSPICIOUS_MOVES = YES;
				CLANG_WARN_UNREACHABLE_CODE = YES;
				CLANG_WARN__DUPLICATE_METHOD_MATCH = YES;
				"CODE_SIGN_IDENTITY[sdk=iphoneos*]" = "iPhone Developer";
				COPY_PHASE_STRIP = NO;
				DEBUG_INFORMATION_FORMAT = dwarf;
				ENABLE_STRICT_OBJC_MSGSEND = YES;
				ENABLE_TESTABILITY = YES;
				GCC_C_LANGUAGE_STANDARD = gnu99;
				GCC_DYNAMIC_NO_PIC = NO;
				GCC_NO_COMMON_BLOCKS = YES;
				GCC_OPTIMIZATION_LEVEL = 0;
				GCC_PREPROCESSOR_DEFINITIONS = (
					"DEBUG=1",
					"$(inherited)",
				);
				GCC_WARN_64_TO_32_BIT_CONVERSION = YES;
				GCC_WARN_ABOUT_RETURN_TYPE = YES_ERROR;
				GCC_WARN_UNDECLARED_SELECTOR = YES;
				GCC_WARN_UNINITIALIZED_AUTOS = YES_AGGRESSIVE;
				GCC_WARN_UNUSED_FUNCTION = YES;
				GCC_WARN_UNUSED_VARIABLE = YES;
				IPHONEOS_DEPLOYMENT_TARGET = 10.1;
				MTL_ENABLE_DEBUG_INFO = YES;
				ONLY_ACTIVE_ARCH = YES;
				SDKROOT = iphoneos;
				SWIFT_ACTIVE_COMPILATION_CONDITIONS = DEBUG;
				SWIFT_OPTIMIZATION_LEVEL = "-Onone";
				TARGETED_DEVICE_FAMILY = "1,2";
			};
			name = Debug;
		};
		222DF2DA1DDD46E8008BB516 /* Release */ = {
			isa = XCBuildConfiguration;
			buildSettings = {
				ALWAYS_SEARCH_USER_PATHS = NO;
				CLANG_ANALYZER_NONNULL = YES;
				CLANG_CXX_LANGUAGE_STANDARD = "gnu++0x";
				CLANG_CXX_LIBRARY = "libc++";
				CLANG_ENABLE_MODULES = YES;
				CLANG_ENABLE_OBJC_ARC = YES;
				CLANG_WARN_BOOL_CONVERSION = YES;
				CLANG_WARN_CONSTANT_CONVERSION = YES;
				CLANG_WARN_DIRECT_OBJC_ISA_USAGE = YES_ERROR;
				CLANG_WARN_DOCUMENTATION_COMMENTS = YES;
				CLANG_WARN_EMPTY_BODY = YES;
				CLANG_WARN_ENUM_CONVERSION = YES;
				CLANG_WARN_INFINITE_RECURSION = YES;
				CLANG_WARN_INT_CONVERSION = YES;
				CLANG_WARN_OBJC_ROOT_CLASS = YES_ERROR;
				CLANG_WARN_SUSPICIOUS_MOVES = YES;
				CLANG_WARN_UNREACHABLE_CODE = YES;
				CLANG_WARN__DUPLICATE_METHOD_MATCH = YES;
				"CODE_SIGN_IDENTITY[sdk=iphoneos*]" = "iPhone Developer";
				COPY_PHASE_STRIP = NO;
				DEBUG_INFORMATION_FORMAT = "dwarf-with-dsym";
				ENABLE_NS_ASSERTIONS = NO;
				ENABLE_STRICT_OBJC_MSGSEND = YES;
				GCC_C_LANGUAGE_STANDARD = gnu99;
				GCC_NO_COMMON_BLOCKS = YES;
				GCC_WARN_64_TO_32_BIT_CONVERSION = YES;
				GCC_WARN_ABOUT_RETURN_TYPE = YES_ERROR;
				GCC_WARN_UNDECLARED_SELECTOR = YES;
				GCC_WARN_UNINITIALIZED_AUTOS = YES_AGGRESSIVE;
				GCC_WARN_UNUSED_FUNCTION = YES;
				GCC_WARN_UNUSED_VARIABLE = YES;
				IPHONEOS_DEPLOYMENT_TARGET = 10.1;
				MTL_ENABLE_DEBUG_INFO = NO;
				SDKROOT = iphoneos;
				SWIFT_OPTIMIZATION_LEVEL = "-Owholemodule";
				TARGETED_DEVICE_FAMILY = "1,2";
				VALIDATE_PRODUCT = YES;
			};
			name = Release;
		};
		222DF2DC1DDD46E8008BB516 /* Debug */ = {
			isa = XCBuildConfiguration;
			buildSettings = {
				ASSETCATALOG_COMPILER_APPICON_NAME = AppIcon;
				DEVELOPMENT_TEAM = 5J68VQM656;
				INFOPLIST_FILE = "Indie Feed/Info.plist";
				LD_RUNPATH_SEARCH_PATHS = "$(inherited) @executable_path/Frameworks";
				PRODUCT_BUNDLE_IDENTIFIER = "com.samgalizia.Indie-Feed";
				PRODUCT_NAME = "$(TARGET_NAME)";
				SWIFT_VERSION = 3.0;
			};
			name = Debug;
		};
		222DF2DD1DDD46E8008BB516 /* Release */ = {
			isa = XCBuildConfiguration;
			buildSettings = {
				ASSETCATALOG_COMPILER_APPICON_NAME = AppIcon;
				DEVELOPMENT_TEAM = 5J68VQM656;
				INFOPLIST_FILE = "Indie Feed/Info.plist";
				LD_RUNPATH_SEARCH_PATHS = "$(inherited) @executable_path/Frameworks";
				PRODUCT_BUNDLE_IDENTIFIER = "com.samgalizia.Indie-Feed";
				PRODUCT_NAME = "$(TARGET_NAME)";
				SWIFT_VERSION = 3.0;
			};
			name = Release;
		};
		222DF2DF1DDD46E8008BB516 /* Debug */ = {
			isa = XCBuildConfiguration;
			buildSettings = {
				ALWAYS_EMBED_SWIFT_STANDARD_LIBRARIES = YES;
				BUNDLE_LOADER = "$(TEST_HOST)";
				DEVELOPMENT_TEAM = 5J68VQM656;
				INFOPLIST_FILE = "Indie FeedTests/Info.plist";
				LD_RUNPATH_SEARCH_PATHS = "$(inherited) @executable_path/Frameworks @loader_path/Frameworks";
				PRODUCT_BUNDLE_IDENTIFIER = "com.samgalizia.Indie-FeedTests";
				PRODUCT_NAME = "$(TARGET_NAME)";
				SWIFT_VERSION = 3.0;
				TEST_HOST = "$(BUILT_PRODUCTS_DIR)/Indie Feed.app/Indie Feed";
			};
			name = Debug;
		};
		222DF2E01DDD46E8008BB516 /* Release */ = {
			isa = XCBuildConfiguration;
			buildSettings = {
				ALWAYS_EMBED_SWIFT_STANDARD_LIBRARIES = YES;
				BUNDLE_LOADER = "$(TEST_HOST)";
				DEVELOPMENT_TEAM = 5J68VQM656;
				INFOPLIST_FILE = "Indie FeedTests/Info.plist";
				LD_RUNPATH_SEARCH_PATHS = "$(inherited) @executable_path/Frameworks @loader_path/Frameworks";
				PRODUCT_BUNDLE_IDENTIFIER = "com.samgalizia.Indie-FeedTests";
				PRODUCT_NAME = "$(TARGET_NAME)";
				SWIFT_VERSION = 3.0;
				TEST_HOST = "$(BUILT_PRODUCTS_DIR)/Indie Feed.app/Indie Feed";
			};
			name = Release;
		};
/* End XCBuildConfiguration section */

/* Begin XCConfigurationList section */
		222DF2B91DDD46E8008BB516 /* Build configuration list for PBXProject "Indie Feed" */ = {
			isa = XCConfigurationList;
			buildConfigurations = (
				222DF2D91DDD46E8008BB516 /* Debug */,
				222DF2DA1DDD46E8008BB516 /* Release */,
			);
			defaultConfigurationIsVisible = 0;
			defaultConfigurationName = Release;
		};
		222DF2DB1DDD46E8008BB516 /* Build configuration list for PBXNativeTarget "Indie Feed" */ = {
			isa = XCConfigurationList;
			buildConfigurations = (
				222DF2DC1DDD46E8008BB516 /* Debug */,
				222DF2DD1DDD46E8008BB516 /* Release */,
			);
			defaultConfigurationIsVisible = 0;
		};
		222DF2DE1DDD46E8008BB516 /* Build configuration list for PBXNativeTarget "Indie FeedTests" */ = {
			isa = XCConfigurationList;
			buildConfigurations = (
				222DF2DF1DDD46E8008BB516 /* Debug */,
				222DF2E01DDD46E8008BB516 /* Release */,
			);
			defaultConfigurationIsVisible = 0;
		};
/* End XCConfigurationList section */
	};
	rootObject = 222DF2B61DDD46E8008BB516 /* Project object */;
}
